<?xml version="1.0" encoding="utf-8"?>
<Project ToolsVersion="4.0" xmlns="http://schemas.microsoft.com/developer/msbuild/2003">
  <ItemGroup>
    <Filter Include="Archivos de origen">
      <UniqueIdentifier>{4FC737F1-C7A5-4376-A066-2A32D752A2FF}</UniqueIdentifier>
      <Extensions>cpp;c;cc;cxx;def;odl;idl;hpj;bat;asm;asmx</Extensions>
    </Filter>
    <Filter Include="Archivos de encabezado">
      <UniqueIdentifier>{93995380-89BD-4b04-88EB-625FBE52EBFB}</UniqueIdentifier>
      <Extensions>h;hh;hpp;hxx;hm;inl;inc;ipp;xsd</Extensions>
    </Filter>
    <Filter Include="Archivos de recursos">
      <UniqueIdentifier>{67DA6AB6-F800-4c08-8B7A-83BB121AAD01}</UniqueIdentifier>
      <Extensions>rc;ico;cur;bmp;dlg;rc2;rct;bin;rgs;gif;jpg;jpeg;jpe;resx;tiff;tif;png;wav;mfcribbon-ms;txt</Extensions>
    </Filter>
  </ItemGroup>
  <ItemGroup>
    <ClCompile Include="Map.cpp">
      <Filter>Archivos de origen</Filter>
    </ClCompile>
    <ClCompile Include="MenuMap.cpp">
      <Filter>Archivos de origen</Filter>
    </ClCompile>
  </ItemGroup>
  <ItemGroup>
    <ClInclude Include="Map.h">
      <Filter>Archivos de encabezado</Filter>
    </ClInclude>
    <ClInclude Include="collection.h">
      <Filter>Archivos de encabezado</Filter>
    </ClInclude>
    <ClInclude Include="MenuMap.h">
      <Filter>Archivos de encabezado</Filter>
    </ClInclude>
    <ClInclude Include="cell.h">
      <Filter>Archivos de encabezado</Filter>
    </ClInclude>
    <ClInclude Include="arrayclass.h">
      <Filter>Archivos de encabezado</Filter>
    </ClInclude>
    <ClInclude Include="player.h">
      <Filter>Archivos de encabezado</Filter>
    </ClInclude>
    <ClInclude Include="resource.h">
      <Filter>Archivos de encabezado</Filter>
    </ClInclude>
    <ClInclude Include="resource1.h">
      <Filter>Archivos de encabezado</Filter>
    </ClInclude>
    <ClInclude Include="resource2.h">
      <Filter>Archivos de encabezado</Filter>
    </ClInclude>
    <ClInclude Include="ground.h">
      <Filter>Archivos de encabezado</Filter>
    </ClInclude>
    <ClInclude Include="colorclass.h">
      <Filter>Archivos de encabezado</Filter>
    </ClInclude>
    <ClInclude Include="costoJugador.h">
      <Filter>Archivos de encabezado</Filter>
    </ClInclude>
  </ItemGroup>
  <ItemGroup>
    <EmbeddedResource Include="Map.resx">
      <Filter>Archivos de recursos</Filter>
    </EmbeddedResource>
    <EmbeddedResource Include="MenuMap.resx">
      <Filter>Archivos de recursos</Filter>
    </EmbeddedResource>
    <EmbeddedResource Include="Custom.resx">
      <Filter>Archivos de recursos</Filter>
    </EmbeddedResource>
  </ItemGroup>
  <ItemGroup>
    <ResourceCompile Include="AImap.rc">
      <Filter>Archivos de recursos</Filter>
    </ResourceCompile>
  </ItemGroup>
  <ItemGroup>
    <Text Include="Recursos\Default_Ground.txt">
      <Filter>Archivos de recursos</Filter>
    </Text>
    <Text Include="Recursos\Default_Player.txt">
      <Filter>Archivos de recursos</Filter>
    </Text>
    <Text Include="Recursos\Costos.txt">
      <Filter>Archivos de recursos</Filter>
    </Text>
  </ItemGroup>
  <ItemGroup>
    <Image Include="Recursos\NyanCat.gif">
      <Filter>Archivos de recursos</Filter>
    </Image>
    <Image Include="Recursos\Virus.gif">
      <Filter>Archivos de recursos</Filter>
    </Image>
    <Image Include="Recursos\Start.gif">
      <Filter>Archivos de recursos</Filter>
    </Image>
    <Image Include="Recursos\QuestionMark.gif">
      <Filter>Archivos de recursos</Filter>
    </Image>
    <Image Include="Recursos\Goal.gif">
      <Filter>Archivos de recursos</Filter>
    </Image>
    <Image Include="Recursos\Robot.gif">
      <Filter>Archivos de recursos</Filter>
    </Image>
    <Image Include="Recursos\Ralph.gif">
      <Filter>Archivos de recursos</Filter>
    </Image>
  </ItemGroup>
</Project>